
Microsoft Visual Studio Solution File, Format Version 9.00
# Visual Studio 2005
Project("{FAE04EC0-301F-11D3-BF4B-00C04F79EFBC}") = "HandleAnEvent", "HandleAnEvent.csproj", "{D92CDDCF-7A80-4712-BC3C-4A9584EAF12D}"
EndProject
Global
	GlobalSection(SolutionConfigurationPlatforms) = preSolution
		Debug|Any CPU = Debug|Any CPU
		Release|Any CPU = Release|Any CPU
	EndGlobalSection
	GlobalSection(ProjectConfigurationPlatforms) = postSolution
		{D92CDDCF-7A80-4712-BC3C-4A9584EAF12D}.Debug|Any CPU.ActiveCfg = Debug|Any CPU
		{D92CDDCF-7A80-4712-BC3C-4A9584EAF12D}.Debug|Any CPU.Build.0 = Debug|Any CPU
		{D92CDDCF-7A80-4712-BC3C-4A9584EAF12D}.Release|Any CPU.ActiveCfg = Release|Any CPU
		{D92CDDCF-7A80-4712-BC3C-4A9584EAF12D}.Release|Any CPU.Build.0 = Release|Any CPU
	EndGlobalSection
	GlobalSection(SolutionProperties) = preSolution
		HideSolutionNode = FALSE
	EndGlobalSection
EndGlobal
