
Microsoft Visual Studio Solution File, Format Version 9.00
# Visual Studio 2005
Project("{FAE04EC0-301F-11D3-BF4B-00C04F79EFBC}") = "EmbedCodeInXaml", "EmbedCodeInXaml.csproj", "{149927B4-F544-4FBE-BB60-07B1CA770121}"
EndProject
Global
	GlobalSection(SolutionConfigurationPlatforms) = preSolution
		Debug|Any CPU = Debug|Any CPU
		Release|Any CPU = Release|Any CPU
	EndGlobalSection
	GlobalSection(ProjectConfigurationPlatforms) = postSolution
		{149927B4-F544-4FBE-BB60-07B1CA770121}.Debug|Any CPU.ActiveCfg = Debug|Any CPU
		{149927B4-F544-4FBE-BB60-07B1CA770121}.Debug|Any CPU.Build.0 = Debug|Any CPU
		{149927B4-F544-4FBE-BB60-07B1CA770121}.Release|Any CPU.ActiveCfg = Release|Any CPU
		{149927B4-F544-4FBE-BB60-07B1CA770121}.Release|Any CPU.Build.0 = Release|Any CPU
	EndGlobalSection
	GlobalSection(SolutionProperties) = preSolution
		HideSolutionNode = FALSE
	EndGlobalSection
EndGlobal
