
Microsoft Visual Studio Solution File, Format Version 9.00
# Visual Studio 2005
Project("{FAE04EC0-301F-11D3-BF4B-00C04F79EFBC}") = "CommandTheButton", "CommandTheButton.csproj", "{54CBBDFC-02B2-4436-9D57-3330728B3CC9}"
EndProject
Global
	GlobalSection(SolutionConfigurationPlatforms) = preSolution
		Debug|Any CPU = Debug|Any CPU
		Release|Any CPU = Release|Any CPU
	EndGlobalSection
	GlobalSection(ProjectConfigurationPlatforms) = postSolution
		{54CBBDFC-02B2-4436-9D57-3330728B3CC9}.Debug|Any CPU.ActiveCfg = Debug|Any CPU
		{54CBBDFC-02B2-4436-9D57-3330728B3CC9}.Debug|Any CPU.Build.0 = Debug|Any CPU
		{54CBBDFC-02B2-4436-9D57-3330728B3CC9}.Release|Any CPU.ActiveCfg = Release|Any CPU
		{54CBBDFC-02B2-4436-9D57-3330728B3CC9}.Release|Any CPU.Build.0 = Release|Any CPU
	EndGlobalSection
	GlobalSection(SolutionProperties) = preSolution
		HideSolutionNode = FALSE
	EndGlobalSection
EndGlobal
