
Microsoft Visual Studio Solution File, Format Version 9.00
# Visual Studio 2005
Project("{FAE04EC0-301F-11D3-BF4B-00C04F79EFBC}") = "XamlCruncher", "XamlCruncher.csproj", "{55E2EC02-5703-48E1-9DB1-D5C71A703483}"
EndProject
Global
	GlobalSection(SolutionConfigurationPlatforms) = preSolution
		Debug|Any CPU = Debug|Any CPU
		Release|Any CPU = Release|Any CPU
	EndGlobalSection
	GlobalSection(ProjectConfigurationPlatforms) = postSolution
		{55E2EC02-5703-48E1-9DB1-D5C71A703483}.Debug|Any CPU.ActiveCfg = Debug|Any CPU
		{55E2EC02-5703-48E1-9DB1-D5C71A703483}.Debug|Any CPU.Build.0 = Debug|Any CPU
		{55E2EC02-5703-48E1-9DB1-D5C71A703483}.Release|Any CPU.ActiveCfg = Release|Any CPU
		{55E2EC02-5703-48E1-9DB1-D5C71A703483}.Release|Any CPU.Build.0 = Release|Any CPU
	EndGlobalSection
	GlobalSection(SolutionProperties) = preSolution
		HideSolutionNode = FALSE
	EndGlobalSection
EndGlobal
