
Microsoft Visual Studio Solution File, Format Version 9.00
# Visual Studio 2005
Project("{FAE04EC0-301F-11D3-BF4B-00C04F79EFBC}") = "MoveTheToolbar", "MoveTheToolbar.csproj", "{153BC891-BC5A-4945-88CF-7F9959F5B7A3}"
EndProject
Global
	GlobalSection(SolutionConfigurationPlatforms) = preSolution
		Debug|Any CPU = Debug|Any CPU
		Release|Any CPU = Release|Any CPU
	EndGlobalSection
	GlobalSection(ProjectConfigurationPlatforms) = postSolution
		{153BC891-BC5A-4945-88CF-7F9959F5B7A3}.Debug|Any CPU.ActiveCfg = Debug|Any CPU
		{153BC891-BC5A-4945-88CF-7F9959F5B7A3}.Debug|Any CPU.Build.0 = Debug|Any CPU
		{153BC891-BC5A-4945-88CF-7F9959F5B7A3}.Release|Any CPU.ActiveCfg = Release|Any CPU
		{153BC891-BC5A-4945-88CF-7F9959F5B7A3}.Release|Any CPU.Build.0 = Release|Any CPU
	EndGlobalSection
	GlobalSection(SolutionProperties) = preSolution
		HideSolutionNode = FALSE
	EndGlobalSection
EndGlobal
