
Microsoft Visual Studio Solution File, Format Version 9.00
# Visual Studio 2005
Project("{FAE04EC0-301F-11D3-BF4B-00C04F79EFBC}") = "EventSetterDemo", "EventSetterDemo.csproj", "{77411873-ADBE-49A8-AE51-BAF2C40C22FE}"
EndProject
Global
	GlobalSection(SolutionConfigurationPlatforms) = preSolution
		Debug|Any CPU = Debug|Any CPU
		Release|Any CPU = Release|Any CPU
	EndGlobalSection
	GlobalSection(ProjectConfigurationPlatforms) = postSolution
		{77411873-ADBE-49A8-AE51-BAF2C40C22FE}.Debug|Any CPU.ActiveCfg = Debug|Any CPU
		{77411873-ADBE-49A8-AE51-BAF2C40C22FE}.Debug|Any CPU.Build.0 = Debug|Any CPU
		{77411873-ADBE-49A8-AE51-BAF2C40C22FE}.Release|Any CPU.ActiveCfg = Release|Any CPU
		{77411873-ADBE-49A8-AE51-BAF2C40C22FE}.Release|Any CPU.Build.0 = Release|Any CPU
	EndGlobalSection
	GlobalSection(SolutionProperties) = preSolution
		HideSolutionNode = FALSE
	EndGlobalSection
EndGlobal
