
Microsoft Visual Studio Solution File, Format Version 9.00
# Visual Studio 2005
Project("{FAE04EC0-301F-11D3-BF4B-00C04F79EFBC}") = "ControlXCV", "ControlXCV.csproj", "{689E4252-C02E-4AC4-BBFE-B8B64D716EDE}"
EndProject
Global
	GlobalSection(SolutionConfigurationPlatforms) = preSolution
		Debug|Any CPU = Debug|Any CPU
		Release|Any CPU = Release|Any CPU
	EndGlobalSection
	GlobalSection(ProjectConfigurationPlatforms) = postSolution
		{689E4252-C02E-4AC4-BBFE-B8B64D716EDE}.Debug|Any CPU.ActiveCfg = Debug|Any CPU
		{689E4252-C02E-4AC4-BBFE-B8B64D716EDE}.Debug|Any CPU.Build.0 = Debug|Any CPU
		{689E4252-C02E-4AC4-BBFE-B8B64D716EDE}.Release|Any CPU.ActiveCfg = Release|Any CPU
		{689E4252-C02E-4AC4-BBFE-B8B64D716EDE}.Release|Any CPU.Build.0 = Release|Any CPU
	EndGlobalSection
	GlobalSection(SolutionProperties) = preSolution
		HideSolutionNode = FALSE
	EndGlobalSection
EndGlobal
