
Microsoft Visual Studio Solution File, Format Version 9.00
# Visual Studio 2005
Project("{FAE04EC0-301F-11D3-BF4B-00C04F79EFBC}") = "DuplicateUniformGrid", "DuplicateUniformGrid.csproj", "{9ABB47A5-82F4-4C3B-8DD7-9207836369C2}"
EndProject
Global
	GlobalSection(SolutionConfigurationPlatforms) = preSolution
		Debug|Any CPU = Debug|Any CPU
		Release|Any CPU = Release|Any CPU
	EndGlobalSection
	GlobalSection(ProjectConfigurationPlatforms) = postSolution
		{9ABB47A5-82F4-4C3B-8DD7-9207836369C2}.Debug|Any CPU.ActiveCfg = Debug|Any CPU
		{9ABB47A5-82F4-4C3B-8DD7-9207836369C2}.Debug|Any CPU.Build.0 = Debug|Any CPU
		{9ABB47A5-82F4-4C3B-8DD7-9207836369C2}.Release|Any CPU.ActiveCfg = Release|Any CPU
		{9ABB47A5-82F4-4C3B-8DD7-9207836369C2}.Release|Any CPU.Build.0 = Release|Any CPU
	EndGlobalSection
	GlobalSection(SolutionProperties) = preSolution
		HideSolutionNode = FALSE
	EndGlobalSection
EndGlobal
