
Microsoft Visual Studio Solution File, Format Version 9.00
# Visual Studio 2005
Project("{FAE04EC0-301F-11D3-BF4B-00C04F79EFBC}") = "TuneTheRadio", "TuneTheRadio.csproj", "{033EFAA7-299B-4B22-8E83-981F0256FCF0}"
EndProject
Global
	GlobalSection(SolutionConfigurationPlatforms) = preSolution
		Debug|Any CPU = Debug|Any CPU
		Release|Any CPU = Release|Any CPU
	EndGlobalSection
	GlobalSection(ProjectConfigurationPlatforms) = postSolution
		{033EFAA7-299B-4B22-8E83-981F0256FCF0}.Debug|Any CPU.ActiveCfg = Debug|Any CPU
		{033EFAA7-299B-4B22-8E83-981F0256FCF0}.Debug|Any CPU.Build.0 = Debug|Any CPU
		{033EFAA7-299B-4B22-8E83-981F0256FCF0}.Release|Any CPU.ActiveCfg = Release|Any CPU
		{033EFAA7-299B-4B22-8E83-981F0256FCF0}.Release|Any CPU.Build.0 = Release|Any CPU
	EndGlobalSection
	GlobalSection(SolutionProperties) = preSolution
		HideSolutionNode = FALSE
	EndGlobalSection
EndGlobal
