
Microsoft Visual Studio Solution File, Format Version 9.00
# Visual Studio 2005
Project("{FAE04EC0-301F-11D3-BF4B-00C04F79EFBC}") = "AnimatedTextGeometry", "AnimatedTextGeometry.csproj", "{A85B9F40-C3E6-471D-958E-B165B9666ACD}"
EndProject
Global
	GlobalSection(SolutionConfigurationPlatforms) = preSolution
		Debug|Any CPU = Debug|Any CPU
		Release|Any CPU = Release|Any CPU
	EndGlobalSection
	GlobalSection(ProjectConfigurationPlatforms) = postSolution
		{A85B9F40-C3E6-471D-958E-B165B9666ACD}.Debug|Any CPU.ActiveCfg = Debug|Any CPU
		{A85B9F40-C3E6-471D-958E-B165B9666ACD}.Debug|Any CPU.Build.0 = Debug|Any CPU
		{A85B9F40-C3E6-471D-958E-B165B9666ACD}.Release|Any CPU.ActiveCfg = Release|Any CPU
		{A85B9F40-C3E6-471D-958E-B165B9666ACD}.Release|Any CPU.Build.0 = Release|Any CPU
	EndGlobalSection
	GlobalSection(SolutionProperties) = preSolution
		HideSolutionNode = FALSE
	EndGlobalSection
EndGlobal
