
Microsoft Visual Studio Solution File, Format Version 9.00
# Visual Studio 2005
Project("{FAE04EC0-301F-11D3-BF4B-00C04F79EFBC}") = "SplineKeyFrameExperiment", "SplineKeyFrameExperiment.csproj", "{B968DBE2-81C2-4F20-AE67-899EC988DEED}"
EndProject
Global
	GlobalSection(SolutionConfigurationPlatforms) = preSolution
		Debug|Any CPU = Debug|Any CPU
		Release|Any CPU = Release|Any CPU
	EndGlobalSection
	GlobalSection(ProjectConfigurationPlatforms) = postSolution
		{B968DBE2-81C2-4F20-AE67-899EC988DEED}.Debug|Any CPU.ActiveCfg = Debug|Any CPU
		{B968DBE2-81C2-4F20-AE67-899EC988DEED}.Debug|Any CPU.Build.0 = Debug|Any CPU
		{B968DBE2-81C2-4F20-AE67-899EC988DEED}.Release|Any CPU.ActiveCfg = Release|Any CPU
		{B968DBE2-81C2-4F20-AE67-899EC988DEED}.Release|Any CPU.Build.0 = Release|Any CPU
	EndGlobalSection
	GlobalSection(SolutionProperties) = preSolution
		HideSolutionNode = FALSE
	EndGlobalSection
EndGlobal
