
Microsoft Visual Studio Solution File, Format Version 9.00
# Visual Studio 2005
Project("{FAE04EC0-301F-11D3-BF4B-00C04F79EFBC}") = "ExamineKeystrokes", "ExamineKeystrokes.csproj", "{D2378A99-1246-4396-BCFD-CB05B253BF3C}"
EndProject
Global
	GlobalSection(SolutionConfigurationPlatforms) = preSolution
		Debug|Any CPU = Debug|Any CPU
		Release|Any CPU = Release|Any CPU
	EndGlobalSection
	GlobalSection(ProjectConfigurationPlatforms) = postSolution
		{D2378A99-1246-4396-BCFD-CB05B253BF3C}.Debug|Any CPU.ActiveCfg = Debug|Any CPU
		{D2378A99-1246-4396-BCFD-CB05B253BF3C}.Debug|Any CPU.Build.0 = Debug|Any CPU
		{D2378A99-1246-4396-BCFD-CB05B253BF3C}.Release|Any CPU.ActiveCfg = Release|Any CPU
		{D2378A99-1246-4396-BCFD-CB05B253BF3C}.Release|Any CPU.Build.0 = Release|Any CPU
	EndGlobalSection
	GlobalSection(SolutionProperties) = preSolution
		HideSolutionNode = FALSE
	EndGlobalSection
EndGlobal
