
Microsoft Visual Studio Solution File, Format Version 9.00
# Visual Studio 2005
Project("{FAE04EC0-301F-11D3-BF4B-00C04F79EFBC}") = "ClickTheGradientCenter", "ClickTheGradientCenter.csproj", "{D3DBA601-6999-4D5E-8DD6-1AEB42A5BB77}"
EndProject
Global
	GlobalSection(SolutionConfigurationPlatforms) = preSolution
		Debug|Any CPU = Debug|Any CPU
		Release|Any CPU = Release|Any CPU
	EndGlobalSection
	GlobalSection(ProjectConfigurationPlatforms) = postSolution
		{D3DBA601-6999-4D5E-8DD6-1AEB42A5BB77}.Debug|Any CPU.ActiveCfg = Debug|Any CPU
		{D3DBA601-6999-4D5E-8DD6-1AEB42A5BB77}.Debug|Any CPU.Build.0 = Debug|Any CPU
		{D3DBA601-6999-4D5E-8DD6-1AEB42A5BB77}.Release|Any CPU.ActiveCfg = Release|Any CPU
		{D3DBA601-6999-4D5E-8DD6-1AEB42A5BB77}.Release|Any CPU.Build.0 = Release|Any CPU
	EndGlobalSection
	GlobalSection(SolutionProperties) = preSolution
		HideSolutionNode = FALSE
	EndGlobalSection
EndGlobal
