
Microsoft Visual Studio Solution File, Format Version 9.00
# Visual Studio 2005
Project("{FAE04EC0-301F-11D3-BF4B-00C04F79EFBC}") = "SplitNine", "SplitNine.csproj", "{0AB4DF87-2BCF-45F1-8EA3-FB58A1B42ED8}"
EndProject
Global
	GlobalSection(SolutionConfigurationPlatforms) = preSolution
		Debug|Any CPU = Debug|Any CPU
		Release|Any CPU = Release|Any CPU
	EndGlobalSection
	GlobalSection(ProjectConfigurationPlatforms) = postSolution
		{0AB4DF87-2BCF-45F1-8EA3-FB58A1B42ED8}.Debug|Any CPU.ActiveCfg = Debug|Any CPU
		{0AB4DF87-2BCF-45F1-8EA3-FB58A1B42ED8}.Debug|Any CPU.Build.0 = Debug|Any CPU
		{0AB4DF87-2BCF-45F1-8EA3-FB58A1B42ED8}.Release|Any CPU.ActiveCfg = Release|Any CPU
		{0AB4DF87-2BCF-45F1-8EA3-FB58A1B42ED8}.Release|Any CPU.Build.0 = Release|Any CPU
	EndGlobalSection
	GlobalSection(SolutionProperties) = preSolution
		HideSolutionNode = FALSE
	EndGlobalSection
EndGlobal
