
Microsoft Visual Studio Solution File, Format Version 9.00
# Visual Studio 2005
Project("{FAE04EC0-301F-11D3-BF4B-00C04F79EFBC}") = "DumpContentPropertyAttributes", "DumpContentPropertyAttributes.csproj", "{3220B26D-3D8F-4425-9F08-722403D487D0}"
EndProject
Global
	GlobalSection(SolutionConfigurationPlatforms) = preSolution
		Debug|Any CPU = Debug|Any CPU
		Release|Any CPU = Release|Any CPU
	EndGlobalSection
	GlobalSection(ProjectConfigurationPlatforms) = postSolution
		{3220B26D-3D8F-4425-9F08-722403D487D0}.Debug|Any CPU.ActiveCfg = Debug|Any CPU
		{3220B26D-3D8F-4425-9F08-722403D487D0}.Debug|Any CPU.Build.0 = Debug|Any CPU
		{3220B26D-3D8F-4425-9F08-722403D487D0}.Release|Any CPU.ActiveCfg = Release|Any CPU
		{3220B26D-3D8F-4425-9F08-722403D487D0}.Release|Any CPU.Build.0 = Release|Any CPU
	EndGlobalSection
	GlobalSection(SolutionProperties) = preSolution
		HideSolutionNode = FALSE
	EndGlobalSection
EndGlobal
